<?xml version="1.0" encoding="utf-8"?>
<Project ToolsVersion="4.0" xmlns="http://schemas.microsoft.com/developer/msbuild/2003">
  <ItemGroup>
    <Filter Include="Source Files">
      <UniqueIdentifier>{4FC737F1-C7A5-4376-A066-2A32D752A2FF}</UniqueIdentifier>
      <Extensions>cpp;c;cc;cxx;def;odl;idl;hpj;bat;asm;asmx</Extensions>
    </Filter>
    <Filter Include="Configuration">
      <UniqueIdentifier>{9db07809-ecf8-46c1-ac90-0de91a883324}</UniqueIdentifier>
    </Filter>
    <Filter Include="Common">
      <UniqueIdentifier>{59b6790e-c2e3-4e5f-b7b0-1462f360aebc}</UniqueIdentifier>
    </Filter>
    <Filter Include="ServiceInstaller">
      <UniqueIdentifier>{590bf7c7-02e0-4e06-b2aa-2accbefcb80c}</UniqueIdentifier>
    </Filter>
    <Filter Include="WinFramework">
      <UniqueIdentifier>{7c80643b-06af-4b3c-a942-5b39fef3e31e}</UniqueIdentifier>
    </Filter>
    <Filter Include="WinFramework\FileApi">
      <UniqueIdentifier>{10fe6a73-8e83-48c9-b4a9-34a38fbcd3c9}</UniqueIdentifier>
    </Filter>
    <Filter Include="WinFramework\ServiceApi">
      <UniqueIdentifier>{71a5d498-6623-41b7-a170-59533ed2f8f0}</UniqueIdentifier>
    </Filter>
    <Filter Include="WinFramework\Exceptions">
      <UniqueIdentifier>{5a21c398-6793-4077-8bec-a169baac9d46}</UniqueIdentifier>
    </Filter>
  </ItemGroup>
  <ItemGroup>
    <ClCompile Include="Main.cpp">
      <Filter>Source Files</Filter>
    </ClCompile>
    <ClCompile Include="Configuration.cpp">
      <Filter>Configuration</Filter>
    </ClCompile>
    <ClCompile Include="ServiceInstaller.cpp">
      <Filter>ServiceInstaller</Filter>
    </ClCompile>
    <ClCompile Include="WinFramework\FileApi\FileApi.cpp">
      <Filter>WinFramework\FileApi</Filter>
    </ClCompile>
    <ClCompile Include="WinFramework\ServiceApi\ServiceApi.cpp">
      <Filter>WinFramework\ServiceApi</Filter>
    </ClCompile>
  </ItemGroup>
  <ItemGroup>
    <ClInclude Include="Configuration.hpp">
      <Filter>Configuration</Filter>
    </ClInclude>
    <ClInclude Include="ConfigurationException.h">
      <Filter>Configuration</Filter>
    </ClInclude>
    <ClInclude Include="Common.hpp">
      <Filter>Common</Filter>
    </ClInclude>
    <ClInclude Include="ServiceInstaller.h">
      <Filter>ServiceInstaller</Filter>
    </ClInclude>
    <ClInclude Include="WinFramework\FileApi\FileApiExceptions.hpp">
      <Filter>WinFramework\FileApi</Filter>
    </ClInclude>
    <ClInclude Include="WinFramework\FileApi\FileApi.hpp">
      <Filter>WinFramework\FileApi</Filter>
    </ClInclude>
    <ClInclude Include="WinFramework\Exceptions\GeneralWin32Exceptions.hpp">
      <Filter>WinFramework\Exceptions</Filter>
    </ClInclude>
    <ClInclude Include="WinFramework\ServiceApi\ServiceApi.hpp">
      <Filter>WinFramework\ServiceApi</Filter>
    </ClInclude>
  </ItemGroup>
</Project>